
Microsoft Visual Studio Solution File, Format Version 12.00
# Visual Studio Version 17
VisualStudioVersion = 17.1.32319.34
MinimumVisualStudioVersion = 10.0.40219.1
Project("{FAE04EC0-301F-11D3-BF4B-00C04F79EFBC}") = "Unifica.Api", "Unifica.Api\Unifica.Api.csproj", "{9823DD60-0BB1-4A5D-9912-0A1A5F1C290C}"
EndProject
Project("{FAE04EC0-301F-11D3-BF4B-00C04F79EFBC}") = "Unifica.Application", "Unifica.Application\Unifica.Application.csproj", "{FE821954-705E-464E-A7A5-C95E96761034}"
EndProject
Project("{FAE04EC0-301F-11D3-BF4B-00C04F79EFBC}") = "Unifica.Domain", "Unifica.Domain\Unifica.Domain.csproj", "{E18CDAE5-5FDF-45EB-A68B-F3B25A8FF66B}"
EndProject
Project("{FAE04EC0-301F-11D3-BF4B-00C04F79EFBC}") = "Unifica.Infrastructure", "Unifica.Infrastructure\Unifica.Infrastructure.csproj", "{03433766-A76B-4608-BD08-18ACCB9584CA}"
EndProject
Project("{FAE04EC0-301F-11D3-BF4B-00C04F79EFBC}") = "Unifica.Repository", "Unifica.Repository\Unifica.Repository.csproj", "{3FC34D05-7DAB-46EF-8974-C8AF1C19ECC6}"
EndProject
Global
	GlobalSection(SolutionConfigurationPlatforms) = preSolution
		Debug|Any CPU = Debug|Any CPU
		Release|Any CPU = Release|Any CPU
	EndGlobalSection
	GlobalSection(ProjectConfigurationPlatforms) = postSolution
		{9823DD60-0BB1-4A5D-9912-0A1A5F1C290C}.Debug|Any CPU.ActiveCfg = Debug|Any CPU
		{9823DD60-0BB1-4A5D-9912-0A1A5F1C290C}.Debug|Any CPU.Build.0 = Debug|Any CPU
		{9823DD60-0BB1-4A5D-9912-0A1A5F1C290C}.Release|Any CPU.ActiveCfg = Release|Any CPU
		{9823DD60-0BB1-4A5D-9912-0A1A5F1C290C}.Release|Any CPU.Build.0 = Release|Any CPU
		{FE821954-705E-464E-A7A5-C95E96761034}.Debug|Any CPU.ActiveCfg = Debug|Any CPU
		{FE821954-705E-464E-A7A5-C95E96761034}.Debug|Any CPU.Build.0 = Debug|Any CPU
		{FE821954-705E-464E-A7A5-C95E96761034}.Release|Any CPU.ActiveCfg = Release|Any CPU
		{FE821954-705E-464E-A7A5-C95E96761034}.Release|Any CPU.Build.0 = Release|Any CPU
		{E18CDAE5-5FDF-45EB-A68B-F3B25A8FF66B}.Debug|Any CPU.ActiveCfg = Debug|Any CPU
		{E18CDAE5-5FDF-45EB-A68B-F3B25A8FF66B}.Debug|Any CPU.Build.0 = Debug|Any CPU
		{E18CDAE5-5FDF-45EB-A68B-F3B25A8FF66B}.Release|Any CPU.ActiveCfg = Release|Any CPU
		{E18CDAE5-5FDF-45EB-A68B-F3B25A8FF66B}.Release|Any CPU.Build.0 = Release|Any CPU
		{03433766-A76B-4608-BD08-18ACCB9584CA}.Debug|Any CPU.ActiveCfg = Debug|Any CPU
		{03433766-A76B-4608-BD08-18ACCB9584CA}.Debug|Any CPU.Build.0 = Debug|Any CPU
		{03433766-A76B-4608-BD08-18ACCB9584CA}.Release|Any CPU.ActiveCfg = Release|Any CPU
		{03433766-A76B-4608-BD08-18ACCB9584CA}.Release|Any CPU.Build.0 = Release|Any CPU
		{3FC34D05-7DAB-46EF-8974-C8AF1C19ECC6}.Debug|Any CPU.ActiveCfg = Debug|Any CPU
		{3FC34D05-7DAB-46EF-8974-C8AF1C19ECC6}.Debug|Any CPU.Build.0 = Debug|Any CPU
		{3FC34D05-7DAB-46EF-8974-C8AF1C19ECC6}.Release|Any CPU.ActiveCfg = Release|Any CPU
		{3FC34D05-7DAB-46EF-8974-C8AF1C19ECC6}.Release|Any CPU.Build.0 = Release|Any CPU
	EndGlobalSection
	GlobalSection(SolutionProperties) = preSolution
		HideSolutionNode = FALSE
	EndGlobalSection
	GlobalSection(ExtensibilityGlobals) = postSolution
		SolutionGuid = {804C7798-5CA3-4A2F-A5FD-D8439CAB1FF7}
	EndGlobalSection
EndGlobal
